
Microsoft Visual Studio Solution File, Format Version 12.00
# Visual Studio Version 17
VisualStudioVersion = 17.8.34525.116
MinimumVisualStudioVersion = 10.0.40219.1
Project("{FAE04EC0-301F-11D3-BF4B-00C04F79EFBC}") = "Core_CRUD_App", "Core_CRUD_App\Core_CRUD_App.csproj", "{39859C18-582F-4BBA-B5B8-74D2991D22D1}"
EndProject
Global
	GlobalSection(SolutionConfigurationPlatforms) = preSolution
		Debug|Any CPU = Debug|Any CPU
		Release|Any CPU = Release|Any CPU
	EndGlobalSection
	GlobalSection(ProjectConfigurationPlatforms) = postSolution
		{39859C18-582F-4BBA-B5B8-74D2991D22D1}.Debug|Any CPU.ActiveCfg = Debug|Any CPU
		{39859C18-582F-4BBA-B5B8-74D2991D22D1}.Debug|Any CPU.Build.0 = Debug|Any CPU
		{39859C18-582F-4BBA-B5B8-74D2991D22D1}.Release|Any CPU.ActiveCfg = Release|Any CPU
		{39859C18-582F-4BBA-B5B8-74D2991D22D1}.Release|Any CPU.Build.0 = Release|Any CPU
	EndGlobalSection
	GlobalSection(SolutionProperties) = preSolution
		HideSolutionNode = FALSE
	EndGlobalSection
	GlobalSection(ExtensibilityGlobals) = postSolution
		SolutionGuid = {6C929E22-16AA-466E-A6B4-5BDC38F6F362}
	EndGlobalSection
EndGlobal
