
Microsoft Visual Studio Solution File, Format Version 12.00
# Visual Studio Version 17
VisualStudioVersion = 17.8.34525.116
MinimumVisualStudioVersion = 10.0.40219.1
Project("{FAE04EC0-301F-11D3-BF4B-00C04F79EFBC}") = "MyMVCApp", "MyMVCApp\MyMVCApp.csproj", "{26F7131B-C5C8-4942-822F-867520AB0627}"
EndProject
Global
	GlobalSection(SolutionConfigurationPlatforms) = preSolution
		Debug|Any CPU = Debug|Any CPU
		Release|Any CPU = Release|Any CPU
	EndGlobalSection
	GlobalSection(ProjectConfigurationPlatforms) = postSolution
		{26F7131B-C5C8-4942-822F-867520AB0627}.Debug|Any CPU.ActiveCfg = Debug|Any CPU
		{26F7131B-C5C8-4942-822F-867520AB0627}.Debug|Any CPU.Build.0 = Debug|Any CPU
		{26F7131B-C5C8-4942-822F-867520AB0627}.Release|Any CPU.ActiveCfg = Release|Any CPU
		{26F7131B-C5C8-4942-822F-867520AB0627}.Release|Any CPU.Build.0 = Release|Any CPU
	EndGlobalSection
	GlobalSection(SolutionProperties) = preSolution
		HideSolutionNode = FALSE
	EndGlobalSection
	GlobalSection(ExtensibilityGlobals) = postSolution
		SolutionGuid = {30B5DC5B-AF07-47C3-AA0D-A6896C549AAA}
	EndGlobalSection
EndGlobal
