
Microsoft Visual Studio Solution File, Format Version 12.00
# Visual Studio Version 17
VisualStudioVersion = 17.8.34525.116
MinimumVisualStudioVersion = 10.0.40219.1
Project("{FAE04EC0-301F-11D3-BF4B-00C04F79EFBC}") = "StudentAPITestUI", "StudentAPITestUI\StudentAPITestUI.csproj", "{304B3E11-A01E-42B2-9B4A-5776CE236D57}"
EndProject
Global
	GlobalSection(SolutionConfigurationPlatforms) = preSolution
		Debug|Any CPU = Debug|Any CPU
		Release|Any CPU = Release|Any CPU
	EndGlobalSection
	GlobalSection(ProjectConfigurationPlatforms) = postSolution
		{304B3E11-A01E-42B2-9B4A-5776CE236D57}.Debug|Any CPU.ActiveCfg = Debug|Any CPU
		{304B3E11-A01E-42B2-9B4A-5776CE236D57}.Debug|Any CPU.Build.0 = Debug|Any CPU
		{304B3E11-A01E-42B2-9B4A-5776CE236D57}.Release|Any CPU.ActiveCfg = Release|Any CPU
		{304B3E11-A01E-42B2-9B4A-5776CE236D57}.Release|Any CPU.Build.0 = Release|Any CPU
	EndGlobalSection
	GlobalSection(SolutionProperties) = preSolution
		HideSolutionNode = FALSE
	EndGlobalSection
	GlobalSection(ExtensibilityGlobals) = postSolution
		SolutionGuid = {379277C9-12BA-491D-8946-F4CED5990C73}
	EndGlobalSection
EndGlobal
