
Microsoft Visual Studio Solution File, Format Version 12.00
# Visual Studio Version 17
VisualStudioVersion = 17.8.34525.116
MinimumVisualStudioVersion = 10.0.40219.1
Project("{FAE04EC0-301F-11D3-BF4B-00C04F79EFBC}") = "StudentsWebApi", "StudentsWebApi\StudentsWebApi.csproj", "{DD9560B6-D88C-40DE-B43E-123019FDFEAF}"
EndProject
Global
	GlobalSection(SolutionConfigurationPlatforms) = preSolution
		Debug|Any CPU = Debug|Any CPU
		Release|Any CPU = Release|Any CPU
	EndGlobalSection
	GlobalSection(ProjectConfigurationPlatforms) = postSolution
		{DD9560B6-D88C-40DE-B43E-123019FDFEAF}.Debug|Any CPU.ActiveCfg = Debug|Any CPU
		{DD9560B6-D88C-40DE-B43E-123019FDFEAF}.Debug|Any CPU.Build.0 = Debug|Any CPU
		{DD9560B6-D88C-40DE-B43E-123019FDFEAF}.Release|Any CPU.ActiveCfg = Release|Any CPU
		{DD9560B6-D88C-40DE-B43E-123019FDFEAF}.Release|Any CPU.Build.0 = Release|Any CPU
	EndGlobalSection
	GlobalSection(SolutionProperties) = preSolution
		HideSolutionNode = FALSE
	EndGlobalSection
	GlobalSection(ExtensibilityGlobals) = postSolution
		SolutionGuid = {220FDDB7-4998-4A17-9AD9-0E080612135A}
	EndGlobalSection
EndGlobal
