
Microsoft Visual Studio Solution File, Format Version 12.00
# Visual Studio Version 17
VisualStudioVersion = 17.8.34525.116
MinimumVisualStudioVersion = 10.0.40219.1
Project("{FAE04EC0-301F-11D3-BF4B-00C04F79EFBC}") = "OrderManagementAPI", "OrderManagementAPI\OrderManagementAPI.csproj", "{ED8D4E4B-CDD1-4C4A-AD6A-487EE29F3A89}"
EndProject
Project("{FAE04EC0-301F-11D3-BF4B-00C04F79EFBC}") = "OrderManagementUI", "OrderManagementUI\OrderManagementUI.csproj", "{E2795CB4-D752-47C6-B351-3DBC4807143C}"
EndProject
Global
	GlobalSection(SolutionConfigurationPlatforms) = preSolution
		Debug|Any CPU = Debug|Any CPU
		Release|Any CPU = Release|Any CPU
	EndGlobalSection
	GlobalSection(ProjectConfigurationPlatforms) = postSolution
		{ED8D4E4B-CDD1-4C4A-AD6A-487EE29F3A89}.Debug|Any CPU.ActiveCfg = Debug|Any CPU
		{ED8D4E4B-CDD1-4C4A-AD6A-487EE29F3A89}.Debug|Any CPU.Build.0 = Debug|Any CPU
		{ED8D4E4B-CDD1-4C4A-AD6A-487EE29F3A89}.Release|Any CPU.ActiveCfg = Release|Any CPU
		{ED8D4E4B-CDD1-4C4A-AD6A-487EE29F3A89}.Release|Any CPU.Build.0 = Release|Any CPU
		{E2795CB4-D752-47C6-B351-3DBC4807143C}.Debug|Any CPU.ActiveCfg = Debug|Any CPU
		{E2795CB4-D752-47C6-B351-3DBC4807143C}.Debug|Any CPU.Build.0 = Debug|Any CPU
		{E2795CB4-D752-47C6-B351-3DBC4807143C}.Release|Any CPU.ActiveCfg = Release|Any CPU
		{E2795CB4-D752-47C6-B351-3DBC4807143C}.Release|Any CPU.Build.0 = Release|Any CPU
	EndGlobalSection
	GlobalSection(SolutionProperties) = preSolution
		HideSolutionNode = FALSE
	EndGlobalSection
	GlobalSection(ExtensibilityGlobals) = postSolution
		SolutionGuid = {4BB47D3F-9AEA-40E7-9DE3-9976F305884D}
	EndGlobalSection
EndGlobal
